// !$*UTF8*$!
{
	archiveVersion = 1;
	classes = {
	};
	objectVersion = 46;
	objects = {

/* Begin PBXBuildFile section */
		EB19E66F1DD59A7500990011 /* AppDelegate.swift in Sources */ = {isa = PBXBuildFile; fileRef = EB19E66E1DD59A7500990011 /* AppDelegate.swift */; };
		EB19E6711DD59A7500990011 /* ViewController.swift in Sources */ = {isa = PBXBuildFile; fileRef = EB19E6701DD59A7500990011 /* ViewController.swift */; };
		EB19E6741DD59A7500990011 /* Main.storyboard in Resources */ = {isa = PBXBuildFile; fileRef = EB19E6721DD59A7500990011 /* Main.storyboard */; };
		EB19E6761DD59A7500990011 /* Assets.xcassets in Resources */ = {isa = PBXBuildFile; fileRef = EB19E6751DD59A7500990011 /* Assets.xcassets */; };
		EB19E6791DD59A7500990011 /* LaunchScreen.storyboard in Resources */ = {isa = PBXBuildFile; fileRef = EB19E6771DD59A7500990011 /* LaunchScreen.storyboard */; };
		EB19E6811DD59A8300990011 /* Popover.swift in Sources */ = {isa = PBXBuildFile; fileRef = EB19E6801DD59A8300990011 /* Popover.swift */; };
/* End PBXBuildFile section */

/* Begin PBXFileReference section */
		EB19E66B1DD59A7500990011 /* grewas.app */ = {isa = PBXFileReference; explicitFileType = wrapper.application; includeInIndex = 0; path = grewas.app; sourceTree = BUILT_PRODUCTS_DIR; };
		EB19E66E1DD59A7500990011 /* AppDelegate.swift */ = {isa = PBXFileReference; lastKnownFileType = sourcecode.swift; path = AppDelegate.swift; sourceTree = "<group>"; };
		EB19E6701DD59A7500990011 /* ViewController.swift */ = {isa = PBXFileReference; lastKnownFileType = sourcecode.swift; path = ViewController.swift; sourceTree = "<group>"; };
		EB19E6731DD59A7500990011 /* Base */ = {isa = PBXFileReference; lastKnownFileType = file.storyboard; name = Base; path = Base.lproj/Main.storyboard; sourceTree = "<group>"; };
		EB19E6751DD59A7500990011 /* Assets.xcassets */ = {isa = PBXFileReference; lastKnownFileType = folder.assetcatalog; path = Assets.xcassets; sourceTree = "<group>"; };
		EB19E6781DD59A7500990011 /* Base */ = {isa = PBXFileReference; lastKnownFileType = file.storyboard; name = Base; path = Base.lproj/LaunchScreen.storyboard; sourceTree = "<group>"; };
		EB19E67A1DD59A7500990011 /* Info.plist */ = {isa = PBXFileReference; lastKnownFileType = text.plist.xml; path = Info.plist; sourceTree = "<group>"; };
		EB19E6801DD59A8300990011 /* Popover.swift */ = {isa = PBXFileReference; fileEncoding = 4; lastKnownFileType = sourcecode.swift; path = Popover.swift; sourceTree = "<group>"; };
/* End PBXFileReference section */

/* Begin PBXFrameworksBuildPhase section */
		EB19E6681DD59A7500990011 /* Frameworks */ = {
			isa = PBXFrameworksBuildPhase;
			buildActionMask = 2147483647;
			files = (
			);
			runOnlyForDeploymentPostprocessing = 0;
		};
/* End PBXFrameworksBuildPhase section */

/* Begin PBXGroup section */
		EB19E6621DD59A7500990011 = {
			isa = PBXGroup;
			children = (
				EB19E66D1DD59A7500990011 /* grewas */,
				EB19E66C1DD59A7500990011 /* Products */,
			);
			sourceTree = "<group>";
		};
		EB19E66C1DD59A7500990011 /* Products */ = {
			isa = PBXGroup;
			children = (
				EB19E66B1DD59A7500990011 /* grewas.app */,
			);
			name = Products;
			sourceTree = "<group>";
		};
		EB19E66D1DD59A7500990011 /* grewas */ = {
			isa = PBXGroup;
			children = (
				EB19E66E1DD59A7500990011 /* AppDelegate.swift */,
				EB19E6701DD59A7500990011 /* ViewController.swift */,
				EB19E6801DD59A8300990011 /* Popover.swift */,
				EB19E6721DD59A7500990011 /* Main.storyboard */,
				EB19E6751DD59A7500990011 /* Assets.xcassets */,
				EB19E6771DD59A7500990011 /* LaunchScreen.storyboard */,
				EB19E67A1DD59A7500990011 /* Info.plist */,
			);
			path = grewas;
			sourceTree = "<group>";
		};
/* End PBXGroup section */

/* Begin PBXNativeTarget section */
		EB19E66A1DD59A7500990011 /* grewas */ = {
			isa = PBXNativeTarget;
			buildConfigurationList = EB19E67D1DD59A7500990011 /* Build configuration list for PBXNativeTarget "grewas" */;
			buildPhases = (
				EB19E6671DD59A7500990011 /* Sources */,
				EB19E6681DD59A7500990011 /* Frameworks */,
				EB19E6691DD59A7500990011 /* Resources */,
			);
			buildRules = (
			);
			dependencies = (
			);
			name = grewas;
			productName = grewas;
			productReference = EB19E66B1DD59A7500990011 /* grewas.app */;
			productType = "com.apple.product-type.application";
		};
/* End PBXNativeTarget section */

/* Begin PBXProject section */
		EB19E6631DD59A7500990011 /* Project object */ = {
			isa = PBXProject;
			attributes = {
				LastSwiftUpdateCheck = 0800;
				LastUpgradeCheck = 0800;
				ORGANIZATIONNAME = joker;
				TargetAttributes = {
					EB19E66A1DD59A7500990011 = {
						CreatedOnToolsVersion = 8.0;
						DevelopmentTeam = ZWZANXUM79;
						ProvisioningStyle = Automatic;
					};
				};
			};
			buildConfigurationList = EB19E6661DD59A7500990011 /* Build configuration list for PBXProject "grewas" */;
			compatibilityVersion = "Xcode 3.2";
			developmentRegion = English;
			hasScannedForEncodings = 0;
			knownRegions = (
				en,
				Base,
			);
			mainGroup = EB19E6621DD59A7500990011;
			productRefGroup = EB19E66C1DD59A7500990011 /* Products */;
			projectDirPath = "";
			projectRoot = "";
			targets = (
				EB19E66A1DD59A7500990011 /* grewas */,
			);
		};
/* End PBXProject section */

/* Begin PBXResourcesBuildPhase section */
		EB19E6691DD59A7500990011 /* Resources */ = {
			isa = PBXResourcesBuildPhase;
			buildActionMask = 2147483647;
			files = (
				EB19E6791DD59A7500990011 /* LaunchScreen.storyboard in Resources */,
				EB19E6761DD59A7500990011 /* Assets.xcassets in Resources */,
				EB19E6741DD59A7500990011 /* Main.storyboard in Resources */,
			);
			runOnlyForDeploymentPostprocessing = 0;
		};
/* End PBXResourcesBuildPhase section */

/* Begin PBXSourcesBuildPhase section */
		EB19E6671DD59A7500990011 /* Sources */ = {
			isa = PBXSourcesBuildPhase;
			buildActionMask = 2147483647;
			files = (
				EB19E6711DD59A7500990011 /* ViewController.swift in Sources */,
				EB19E6811DD59A8300990011 /* Popover.swift in Sources */,
				EB19E66F1DD59A7500990011 /* AppDelegate.swift in Sources */,
			);
			runOnlyForDeploymentPostprocessing = 0;
		};
/* End PBXSourcesBuildPhase section */

/* Begin PBXVariantGroup section */
		EB19E6721DD59A7500990011 /* Main.storyboard */ = {
			isa = PBXVariantGroup;
			children = (
				EB19E6731DD59A7500990011 /* Base */,
			);
			name = Main.storyboard;
			sourceTree = "<group>";
		};
		EB19E6771DD59A7500990011 /* LaunchScreen.storyboard */ = {
			isa = PBXVariantGroup;
			children = (
				EB19E6781DD59A7500990011 /* Base */,
			);
			name = LaunchScreen.storyboard;
			sourceTree = "<group>";
		};
/* End PBXVariantGroup section */

/* Begin XCBuildConfiguration section */
		EB19E67B1DD59A7500990011 /* Debug */ = {
			isa = XCBuildConfiguration;
			buildSettings = {
				ALWAYS_SEARCH_USER_PATHS = NO;
				CLANG_ANALYZER_NONNULL = YES;
				CLANG_CXX_LANGUAGE_STANDARD = "gnu++0x";
				CLANG_CXX_LIBRARY = "libc++";
				CLANG_ENABLE_MODULES = YES;
				CLANG_ENABLE_OBJC_ARC = YES;
				CLANG_WARN_BOOL_CONVERSION = YES;
				CLANG_WARN_CONSTANT_CONVERSION = YES;
				CLANG_WARN_DIRECT_OBJC_ISA_USAGE = YES_ERROR;
				CLANG_WARN_DOCUMENTATION_COMMENTS = YES;
				CLANG_WARN_EMPTY_BODY = YES;
				CLANG_WARN_ENUM_CONVERSION = YES;
				CLANG_WARN_INFINITE_RECURSION = YES;
				CLANG_WARN_INT_CONVERSION = YES;
				CLANG_WARN_OBJC_ROOT_CLASS = YES_ERROR;
				CLANG_WARN_SUSPICIOUS_MOVES = YES;
				CLANG_WARN_UNREACHABLE_CODE = YES;
				CLANG_WARN__DUPLICATE_METHOD_MATCH = YES;
				"CODE_SIGN_IDENTITY[sdk=iphoneos*]" = "iPhone Developer";
				COPY_PHASE_STRIP = NO;
				DEBUG_INFORMATION_FORMAT = dwarf;
				ENABLE_STRICT_OBJC_MSGSEND = YES;
				ENABLE_TESTABILITY = YES;
				GCC_C_LANGUAGE_STANDARD = gnu99;
				GCC_DYNAMIC_NO_PIC = NO;
				GCC_NO_COMMON_BLOCKS = YES;
				GCC_OPTIMIZATION_LEVEL = 0;
				GCC_PREPROCESSOR_DEFINITIONS = (
					"DEBUG=1",
					"$(inherited)",
				);
				GCC_WARN_64_TO_32_BIT_CONVERSION = YES;
				GCC_WARN_ABOUT_RETURN_TYPE = YES_ERROR;
				GCC_WARN_UNDECLARED_SELECTOR = YES;
				GCC_WARN_UNINITIALIZED_AUTOS = YES_AGGRESSIVE;
				GCC_WARN_UNUSED_FUNCTION = YES;
				GCC_WARN_UNUSED_VARIABLE = YES;
				IPHONEOS_DEPLOYMENT_TARGET = 10.0;
				MTL_ENABLE_DEBUG_INFO = YES;
				ONLY_ACTIVE_ARCH = YES;
				SDKROOT = iphoneos;
				SWIFT_ACTIVE_COMPILATION_CONDITIONS = DEBUG;
				SWIFT_OPTIMIZATION_LEVEL = "-Onone";
			};
			name = Debug;
		};
		EB19E67C1DD59A7500990011 /* Release */ = {
			isa = XCBuildConfiguration;
			buildSettings = {
				ALWAYS_SEARCH_USER_PATHS = NO;
				CLANG_ANALYZER_NONNULL = YES;
				CLANG_CXX_LANGUAGE_STANDARD = "gnu++0x";
				CLANG_CXX_LIBRARY = "libc++";
				CLANG_ENABLE_MODULES = YES;
				CLANG_ENABLE_OBJC_ARC = YES;
				CLANG_WARN_BOOL_CONVERSION = YES;
				CLANG_WARN_CONSTANT_CONVERSION = YES;
				CLANG_WARN_DIRECT_OBJC_ISA_USAGE = YES_ERROR;
				CLANG_WARN_DOCUMENTATION_COMMENTS = YES;
				CLANG_WARN_EMPTY_BODY = YES;
				CLANG_WARN_ENUM_CONVERSION = YES;
				CLANG_WARN_INFINITE_RECURSION = YES;
				CLANG_WARN_INT_CONVERSION = YES;
				CLANG_WARN_OBJC_ROOT_CLASS = YES_ERROR;
				CLANG_WARN_SUSPICIOUS_MOVES = YES;
				CLANG_WARN_UNREACHABLE_CODE = YES;
				CLANG_WARN__DUPLICATE_METHOD_MATCH = YES;
				"CODE_SIGN_IDENTITY[sdk=iphoneos*]" = "iPhone Developer";
				COPY_PHASE_STRIP = NO;
				DEBUG_INFORMATION_FORMAT = "dwarf-with-dsym";
				ENABLE_NS_ASSERTIONS = NO;
				ENABLE_STRICT_OBJC_MSGSEND = YES;
				GCC_C_LANGUAGE_STANDARD = gnu99;
				GCC_NO_COMMON_BLOCKS = YES;
				GCC_WARN_64_TO_32_BIT_CONVERSION = YES;
				GCC_WARN_ABOUT_RETURN_TYPE = YES_ERROR;
				GCC_WARN_UNDECLARED_SELECTOR = YES;
				GCC_WARN_UNINITIALIZED_AUTOS = YES_AGGRESSIVE;
				GCC_WARN_UNUSED_FUNCTION = YES;
				GCC_WARN_UNUSED_VARIABLE = YES;
				IPHONEOS_DEPLOYMENT_TARGET = 10.0;
				MTL_ENABLE_DEBUG_INFO = NO;
				SDKROOT = iphoneos;
				SWIFT_OPTIMIZATION_LEVEL = "-Owholemodule";
				VALIDATE_PRODUCT = YES;
			};
			name = Release;
		};
		EB19E67E1DD59A7500990011 /* Debug */ = {
			isa = XCBuildConfiguration;
			buildSettings = {
				ASSETCATALOG_COMPILER_APPICON_NAME = AppIcon;
				DEVELOPMENT_TEAM = ZWZANXUM79;
				INFOPLIST_FILE = grewas/Info.plist;
				LD_RUNPATH_SEARCH_PATHS = "$(inherited) @executable_path/Frameworks";
				PRODUCT_BUNDLE_IDENTIFIER = "com.iOS-swift.20160422.learn.grewas";
				PRODUCT_NAME = "$(TARGET_NAME)";
				SWIFT_VERSION = 3.0;
			};
			name = Debug;
		};
		EB19E67F1DD59A7500990011 /* Release */ = {
			isa = XCBuildConfiguration;
			buildSettings = {
				ASSETCATALOG_COMPILER_APPICON_NAME = AppIcon;
				DEVELOPMENT_TEAM = ZWZANXUM79;
				INFOPLIST_FILE = grewas/Info.plist;
				LD_RUNPATH_SEARCH_PATHS = "$(inherited) @executable_path/Frameworks";
				PRODUCT_BUNDLE_IDENTIFIER = "com.iOS-swift.20160422.learn.grewas";
				PRODUCT_NAME = "$(TARGET_NAME)";
				SWIFT_VERSION = 3.0;
			};
			name = Release;
		};
/* End XCBuildConfiguration section */

/* Begin XCConfigurationList section */
		EB19E6661DD59A7500990011 /* Build configuration list for PBXProject "grewas" */ = {
			isa = XCConfigurationList;
			buildConfigurations = (
				EB19E67B1DD59A7500990011 /* Debug */,
				EB19E67C1DD59A7500990011 /* Release */,
			);
			defaultConfigurationIsVisible = 0;
			defaultConfigurationName = Release;
		};
		EB19E67D1DD59A7500990011 /* Build configuration list for PBXNativeTarget "grewas" */ = {
			isa = XCConfigurationList;
			buildConfigurations = (
				EB19E67E1DD59A7500990011 /* Debug */,
				EB19E67F1DD59A7500990011 /* Release */,
			);
			defaultConfigurationIsVisible = 0;
		};
/* End XCConfigurationList section */
	};
	rootObject = EB19E6631DD59A7500990011 /* Project object */;
}
